
Microsoft Visual Studio Solution File, Format Version 12.00
# Visual Studio 15
VisualStudioVersion = 15.0.27130.2020
MinimumVisualStudioVersion = 10.0.40219.1
Project("{FAE04EC0-301F-11D3-BF4B-00C04F79EFBC}") = "LearningTasks_1", "LearningTasks_1\LearningTasks_1.csproj", "{18446C7F-5F88-41B2-BADC-25F948D496EF}"
EndProject
Global
	GlobalSection(SolutionConfigurationPlatforms) = preSolution
		Debug|Any CPU = Debug|Any CPU
		Release|Any CPU = Release|Any CPU
	EndGlobalSection
	GlobalSection(ProjectConfigurationPlatforms) = postSolution
		{18446C7F-5F88-41B2-BADC-25F948D496EF}.Debug|Any CPU.ActiveCfg = Debug|Any CPU
		{18446C7F-5F88-41B2-BADC-25F948D496EF}.Debug|Any CPU.Build.0 = Debug|Any CPU
		{18446C7F-5F88-41B2-BADC-25F948D496EF}.Release|Any CPU.ActiveCfg = Release|Any CPU
		{18446C7F-5F88-41B2-BADC-25F948D496EF}.Release|Any CPU.Build.0 = Release|Any CPU
	EndGlobalSection
	GlobalSection(SolutionProperties) = preSolution
		HideSolutionNode = FALSE
	EndGlobalSection
	GlobalSection(ExtensibilityGlobals) = postSolution
		SolutionGuid = {30DF5BE4-ECD8-4993-930E-D7A626F4CA4C}
	EndGlobalSection
EndGlobal
